# THIS IS AN AUTOGENERATED FILE. DO NOT EDIT THIS FILE DIRECTLY.
# yarn lockfile v1
addressparser@1.0.1:
  version "1.0.1"
  resolved "https://registry.yarnpkg.com/addressparser/-/addressparser-1.0.1.tgz#47afbe1a2a9262191db6838e4fd1d39b40821746"

async:
  version "2.1.4"
  resolved "https://registry.yarnpkg.com/async/-/async-2.1.4.tgz#2d2160c7788032e4dd6cbe2502f1f9a2c8f6cde4"
  dependencies:
    lodash "^4.14.0"

bluebird@^3.0.1:
  version "3.4.6"
  resolved "https://registry.yarnpkg.com/bluebird/-/bluebird-3.4.6.tgz#01da8d821d87813d158967e743d5fe6c62cf8c0f"

buildmail@3.10.0:
  version "3.10.0"
  resolved "https://registry.yarnpkg.com/buildmail/-/buildmail-3.10.0.tgz#c6826d716e7945bb6f6b1434b53985e029a03159"
  dependencies:
    addressparser "1.0.1"
    libbase64 "0.1.0"
    libmime "2.1.0"
    libqp "1.1.0"
    nodemailer-fetch "1.6.0"
    nodemailer-shared "1.1.0"

clone@^1.0.2:
  version "1.0.2"
  resolved "https://registry.yarnpkg.com/clone/-/clone-1.0.2.tgz#260b7a99ebb1edfe247538175f783243cb19d149"

co:
  version "4.6.0"
  resolved "https://registry.yarnpkg.com/co/-/co-4.6.0.tgz#6ea6bdf3d853ae54ccb8e47bfa0bf3f9031fb184"

cookies.txt@^0.1.1:
  version "0.1.2"
  resolved "https://registry.yarnpkg.com/cookies.txt/-/cookies.txt-0.1.2.tgz#a8b249d9ee9699305362d604b7e0ac0f20e7519e"

data-uri-to-buffer@0.0.4:
  version "0.0.4"
  resolved "https://registry.yarnpkg.com/data-uri-to-buffer/-/data-uri-to-buffer-0.0.4.tgz#46e13ab9da8e309745c8d01ce547213ebdb2fe3f"

debug@^2.1.1, debug@^2.2.0:
  version "2.3.1"
  resolved "https://registry.yarnpkg.com/debug/-/debug-2.3.1.tgz#4b206c092eb4e5b090e429a15d1d89083737ab2b"
  dependencies:
    ms "0.7.2"

defaults@~1.0.0:
  version "1.0.3"
  resolved "https://registry.yarnpkg.com/defaults/-/defaults-1.0.3.tgz#c656051e9817d9ff08ed881477f3fe4019f3ef7d"
  dependencies:
    clone "^1.0.2"

fs:
  version "0.0.1-security"
  resolved "https://registry.yarnpkg.com/fs/-/fs-0.0.1-security.tgz#8a7bd37186b6dddf3813f23858b57ecaaf5e41d4"

httpntlm@1.6.1:
  version "1.6.1"
  resolved "https://registry.yarnpkg.com/httpntlm/-/httpntlm-1.6.1.tgz#ad01527143a2e8773cfae6a96f58656bb52a34b2"
  dependencies:
    httpreq ">=0.4.22"
    underscore "~1.7.0"

httpreq@>=0.4.22:
  version "0.4.22"
  resolved "https://registry.yarnpkg.com/httpreq/-/httpreq-0.4.22.tgz#27097c8ad95ea9679190530c9c0f66b8c7aafb18"

iconv-lite@0.4.13:
  version "0.4.13"
  resolved "https://registry.yarnpkg.com/iconv-lite/-/iconv-lite-0.4.13.tgz#1f88aba4ab0b1508e8312acc39345f36e992e2f2"

ip@^1.1.2:
  version "1.1.4"
  resolved "https://registry.yarnpkg.com/ip/-/ip-1.1.4.tgz#de8247ffef940451832550fba284945e6e039bfb"

libbase64@0.1.0:
  version "0.1.0"
  resolved "https://registry.yarnpkg.com/libbase64/-/libbase64-0.1.0.tgz#62351a839563ac5ff5bd26f12f60e9830bb751e6"

libmime@2.1.0:
  version "2.1.0"
  resolved "https://registry.yarnpkg.com/libmime/-/libmime-2.1.0.tgz#51bc76de2283161eb9051c4bc80aed713e4fd1cd"
  dependencies:
    iconv-lite "0.4.13"
    libbase64 "0.1.0"
    libqp "1.1.0"

libqp@1.1.0:
  version "1.1.0"
  resolved "https://registry.yarnpkg.com/libqp/-/libqp-1.1.0.tgz#f5e6e06ad74b794fb5b5b66988bf728ef1dedbe8"

lodash@^4.14.0:
  version "4.17.2"
  resolved "https://registry.yarnpkg.com/lodash/-/lodash-4.17.2.tgz#34a3055babe04ce42467b607d700072c7ff6bf42"

mailcomposer@3.12.0:
  version "3.12.0"
  resolved "https://registry.yarnpkg.com/mailcomposer/-/mailcomposer-3.12.0.tgz#9c5e1188aa8e1c62ec8b86bd43468102b639e8f9"
  dependencies:
    buildmail "3.10.0"
    libmime "2.1.0"

ms@0.7.2:
  version "0.7.2"
  resolved "https://registry.yarnpkg.com/ms/-/ms-0.7.2.tgz#ae25cf2512b3885a1d95d7f037868d8431124765"

node-horseman:
  version "3.2.0"
  resolved "https://registry.yarnpkg.com/node-horseman/-/node-horseman-3.2.0.tgz#d4f47a0c3202066eee8b0e5b3cdc40d94be631c4"
  dependencies:
    bluebird "^3.0.1"
    clone "^1.0.2"
    cookies.txt "^0.1.1"
    data-uri-to-buffer "0.0.4"
    debug "^2.1.1"
    defaults "~1.0.0"
    node-phantom-simple "^2.2.4"

node-phantom-simple@^2.2.4:
  version "2.2.4"
  resolved "https://registry.yarnpkg.com/node-phantom-simple/-/node-phantom-simple-2.2.4.tgz#4fc4effbb02f241fb5082bd4fbab398e4aecb64d"
  dependencies:
    debug "^2.2.0"

nodemailer:
  version "2.6.4"
  resolved "https://registry.yarnpkg.com/nodemailer/-/nodemailer-2.6.4.tgz#5620707c55fac674b6e2e5e425708b9ad5c6b6d6"
  dependencies:
    libmime "2.1.0"
    mailcomposer "3.12.0"
    nodemailer-direct-transport "3.3.2"
    nodemailer-shared "1.1.0"
    nodemailer-smtp-pool "2.8.2"
    nodemailer-smtp-transport "2.7.2"
    socks "1.1.9"

nodemailer-direct-transport@3.3.2:
  version "3.3.2"
  resolved "https://registry.yarnpkg.com/nodemailer-direct-transport/-/nodemailer-direct-transport-3.3.2.tgz#e96fafb90358560947e569017d97e60738a50a86"
  dependencies:
    nodemailer-shared "1.1.0"
    smtp-connection "2.12.0"

nodemailer-fetch@1.6.0:
  version "1.6.0"
  resolved "https://registry.yarnpkg.com/nodemailer-fetch/-/nodemailer-fetch-1.6.0.tgz#79c4908a1c0f5f375b73fe888da9828f6dc963a4"

nodemailer-shared@1.1.0:
  version "1.1.0"
  resolved "https://registry.yarnpkg.com/nodemailer-shared/-/nodemailer-shared-1.1.0.tgz#cf5994e2fd268d00f5cf0fa767a08169edb07ec0"
  dependencies:
    nodemailer-fetch "1.6.0"

nodemailer-smtp-pool@2.8.2:
  version "2.8.2"
  resolved "https://registry.yarnpkg.com/nodemailer-smtp-pool/-/nodemailer-smtp-pool-2.8.2.tgz#2eb94d6cf85780b1b4725ce853b9cbd5e8da8c72"
  dependencies:
    nodemailer-shared "1.1.0"
    nodemailer-wellknown "0.1.10"
    smtp-connection "2.12.0"

nodemailer-smtp-transport, nodemailer-smtp-transport@2.7.2:
  version "2.7.2"
  resolved "https://registry.yarnpkg.com/nodemailer-smtp-transport/-/nodemailer-smtp-transport-2.7.2.tgz#03d71c76314f14ac7dbc7bf033a6a6d16d67fb77"
  dependencies:
    nodemailer-shared "1.1.0"
    nodemailer-wellknown "0.1.10"
    smtp-connection "2.12.0"

nodemailer-wellknown@0.1.10:
  version "0.1.10"
  resolved "https://registry.yarnpkg.com/nodemailer-wellknown/-/nodemailer-wellknown-0.1.10.tgz#586db8101db30cb4438eb546737a41aad0cf13d5"

os-tmpdir@~1.0.1:
  version "1.0.2"
  resolved "https://registry.yarnpkg.com/os-tmpdir/-/os-tmpdir-1.0.2.tgz#bbe67406c79aa85c5cfec766fe5734555dfa1274"

pdfconcat:
  version "1.0.2"
  resolved "https://registry.yarnpkg.com/pdfconcat/-/pdfconcat-1.0.2.tgz#aef92f132d30f5672aa88fcfbad4974abab011da"

smart-buffer@^1.0.4:
  version "1.0.11"
  resolved "https://registry.yarnpkg.com/smart-buffer/-/smart-buffer-1.0.11.tgz#3050337098a8e4cdf0350fef63dd146049ff940a"

smtp-connection@2.12.0:
  version "2.12.0"
  resolved "https://registry.yarnpkg.com/smtp-connection/-/smtp-connection-2.12.0.tgz#d76ef9127cb23c2259edb1e8349c2e8d5e2d74c1"
  dependencies:
    httpntlm "1.6.1"
    nodemailer-shared "1.1.0"

socks@1.1.9:
  version "1.1.9"
  resolved "https://registry.yarnpkg.com/socks/-/socks-1.1.9.tgz#628d7e4d04912435445ac0b6e459376cb3e6d691"
  dependencies:
    ip "^1.1.2"
    smart-buffer "^1.0.4"

tmp:
  version "0.0.31"
  resolved "https://registry.yarnpkg.com/tmp/-/tmp-0.0.31.tgz#8f38ab9438e17315e5dbd8b3657e8bfb277ae4a7"
  dependencies:
    os-tmpdir "~1.0.1"

underscore@~1.7.0:
  version "1.7.0"
  resolved "https://registry.yarnpkg.com/underscore/-/underscore-1.7.0.tgz#6bbaf0877500d36be34ecaa584e0db9fef035209"

