# THIS IS AN AUTOGENERATED FILE. DO NOT EDIT THIS FILE DIRECTLY.
# yarn lockfile v1
bluebird@^3.0.1:
  version "3.4.6"
  resolved "https://registry.yarnpkg.com/bluebird/-/bluebird-3.4.6.tgz#01da8d821d87813d158967e743d5fe6c62cf8c0f"

clone@^1.0.2:
  version "1.0.2"
  resolved "https://registry.yarnpkg.com/clone/-/clone-1.0.2.tgz#260b7a99ebb1edfe247538175f783243cb19d149"

co:
  version "4.6.0"
  resolved "https://registry.yarnpkg.com/co/-/co-4.6.0.tgz#6ea6bdf3d853ae54ccb8e47bfa0bf3f9031fb184"

cookies.txt@^0.1.1:
  version "0.1.2"
  resolved "https://registry.yarnpkg.com/cookies.txt/-/cookies.txt-0.1.2.tgz#a8b249d9ee9699305362d604b7e0ac0f20e7519e"

data-uri-to-buffer@0.0.4:
  version "0.0.4"
  resolved "https://registry.yarnpkg.com/data-uri-to-buffer/-/data-uri-to-buffer-0.0.4.tgz#46e13ab9da8e309745c8d01ce547213ebdb2fe3f"

debug@^2.1.1, debug@^2.2.0:
  version "2.3.1"
  resolved "https://registry.yarnpkg.com/debug/-/debug-2.3.1.tgz#4b206c092eb4e5b090e429a15d1d89083737ab2b"
  dependencies:
    ms "0.7.2"

defaults@~1.0.0:
  version "1.0.3"
  resolved "https://registry.yarnpkg.com/defaults/-/defaults-1.0.3.tgz#c656051e9817d9ff08ed881477f3fe4019f3ef7d"
  dependencies:
    clone "^1.0.2"

fs:
  version "0.0.1-security"
  resolved "https://registry.yarnpkg.com/fs/-/fs-0.0.1-security.tgz#8a7bd37186b6dddf3813f23858b57ecaaf5e41d4"

ms@0.7.2:
  version "0.7.2"
  resolved "https://registry.yarnpkg.com/ms/-/ms-0.7.2.tgz#ae25cf2512b3885a1d95d7f037868d8431124765"

node-horseman:
  version "3.2.0"
  resolved "https://registry.yarnpkg.com/node-horseman/-/node-horseman-3.2.0.tgz#d4f47a0c3202066eee8b0e5b3cdc40d94be631c4"
  dependencies:
    bluebird "^3.0.1"
    clone "^1.0.2"
    cookies.txt "^0.1.1"
    data-uri-to-buffer "0.0.4"
    debug "^2.1.1"
    defaults "~1.0.0"
    node-phantom-simple "^2.2.4"

node-phantom-simple@^2.2.4:
  version "2.2.4"
  resolved "https://registry.yarnpkg.com/node-phantom-simple/-/node-phantom-simple-2.2.4.tgz#4fc4effbb02f241fb5082bd4fbab398e4aecb64d"
  dependencies:
    debug "^2.2.0"

os-tmpdir@~1.0.1:
  version "1.0.2"
  resolved "https://registry.yarnpkg.com/os-tmpdir/-/os-tmpdir-1.0.2.tgz#bbe67406c79aa85c5cfec766fe5734555dfa1274"

pdfconcat:
  version "1.0.2"
  resolved "https://registry.yarnpkg.com/pdfconcat/-/pdfconcat-1.0.2.tgz#aef92f132d30f5672aa88fcfbad4974abab011da"

tmp:
  version "0.0.31"
  resolved "https://registry.yarnpkg.com/tmp/-/tmp-0.0.31.tgz#8f38ab9438e17315e5dbd8b3657e8bfb277ae4a7"
  dependencies:
    os-tmpdir "~1.0.1"

